
Microsoft Visual Studio Solution File, Format Version 12.00
# Visual Studio Version 17
VisualStudioVersion = 17.14.36908.2 d17.14
MinimumVisualStudioVersion = 10.0.40219.1
Project("{FAE04EC0-301F-11D3-BF4B-00C04F79EFBC}") = "SalaryIncrease", "SalaryIncrease.csproj", "{BCF7AF1B-9F3C-4B94-9A00-C02533242418}"
EndProject
Global
	GlobalSection(SolutionConfigurationPlatforms) = preSolution
		Debug|Any CPU = Debug|Any CPU
		Release|Any CPU = Release|Any CPU
	EndGlobalSection
	GlobalSection(ProjectConfigurationPlatforms) = postSolution
		{BCF7AF1B-9F3C-4B94-9A00-C02533242418}.Debug|Any CPU.ActiveCfg = Debug|Any CPU
		{BCF7AF1B-9F3C-4B94-9A00-C02533242418}.Debug|Any CPU.Build.0 = Debug|Any CPU
		{BCF7AF1B-9F3C-4B94-9A00-C02533242418}.Release|Any CPU.ActiveCfg = Release|Any CPU
		{BCF7AF1B-9F3C-4B94-9A00-C02533242418}.Release|Any CPU.Build.0 = Release|Any CPU
	EndGlobalSection
	GlobalSection(SolutionProperties) = preSolution
		HideSolutionNode = FALSE
	EndGlobalSection
	GlobalSection(ExtensibilityGlobals) = postSolution
		SolutionGuid = {FD87C175-AE13-4897-A500-5DEA571D15CA}
	EndGlobalSection
EndGlobal
